
Microsoft Visual Studio Solution File, Format Version 12.00
# Visual Studio 15
VisualStudioVersion = 15.0.28010.2003
MinimumVisualStudioVersion = 10.0.40219.1
Project("{FAE04EC0-301F-11D3-BF4B-00C04F79EFBC}") = "livro_exercicio7", "livro_exercicio7\livro_exercicio7.csproj", "{8B686888-2647-400F-97AD-812FDCC88FBC}"
EndProject
Global
	GlobalSection(SolutionConfigurationPlatforms) = preSolution
		Debug|Any CPU = Debug|Any CPU
		Release|Any CPU = Release|Any CPU
	EndGlobalSection
	GlobalSection(ProjectConfigurationPlatforms) = postSolution
		{8B686888-2647-400F-97AD-812FDCC88FBC}.Debug|Any CPU.ActiveCfg = Debug|Any CPU
		{8B686888-2647-400F-97AD-812FDCC88FBC}.Debug|Any CPU.Build.0 = Debug|Any CPU
		{8B686888-2647-400F-97AD-812FDCC88FBC}.Release|Any CPU.ActiveCfg = Release|Any CPU
		{8B686888-2647-400F-97AD-812FDCC88FBC}.Release|Any CPU.Build.0 = Release|Any CPU
	EndGlobalSection
	GlobalSection(SolutionProperties) = preSolution
		HideSolutionNode = FALSE
	EndGlobalSection
	GlobalSection(ExtensibilityGlobals) = postSolution
		SolutionGuid = {596024CD-C266-48AC-9A1A-FCB7613B6A75}
	EndGlobalSection
EndGlobal
