
Microsoft Visual Studio Solution File, Format Version 12.00
# Visual Studio 15
VisualStudioVersion = 15.0.28010.2003
MinimumVisualStudioVersion = 10.0.40219.1
Project("{FAE04EC0-301F-11D3-BF4B-00C04F79EFBC}") = "livro_exercicio5", "livro_exercicio5\livro_exercicio5.csproj", "{0910AB31-0653-4174-8F9B-17DD199C908D}"
EndProject
Global
	GlobalSection(SolutionConfigurationPlatforms) = preSolution
		Debug|Any CPU = Debug|Any CPU
		Release|Any CPU = Release|Any CPU
	EndGlobalSection
	GlobalSection(ProjectConfigurationPlatforms) = postSolution
		{0910AB31-0653-4174-8F9B-17DD199C908D}.Debug|Any CPU.ActiveCfg = Debug|Any CPU
		{0910AB31-0653-4174-8F9B-17DD199C908D}.Debug|Any CPU.Build.0 = Debug|Any CPU
		{0910AB31-0653-4174-8F9B-17DD199C908D}.Release|Any CPU.ActiveCfg = Release|Any CPU
		{0910AB31-0653-4174-8F9B-17DD199C908D}.Release|Any CPU.Build.0 = Release|Any CPU
	EndGlobalSection
	GlobalSection(SolutionProperties) = preSolution
		HideSolutionNode = FALSE
	EndGlobalSection
	GlobalSection(ExtensibilityGlobals) = postSolution
		SolutionGuid = {63D4BFAE-BA1D-4A48-9B09-A3CE03AB9AC7}
	EndGlobalSection
EndGlobal
