
Microsoft Visual Studio Solution File, Format Version 12.00
# Visual Studio 15
VisualStudioVersion = 15.0.28010.2003
MinimumVisualStudioVersion = 10.0.40219.1
Project("{FAE04EC0-301F-11D3-BF4B-00C04F79EFBC}") = "lista_exercicio4", "lista_exercicio4\lista_exercicio4.csproj", "{39D5DD59-5881-4AF2-8476-6EE600B9C713}"
EndProject
Global
	GlobalSection(SolutionConfigurationPlatforms) = preSolution
		Debug|Any CPU = Debug|Any CPU
		Release|Any CPU = Release|Any CPU
	EndGlobalSection
	GlobalSection(ProjectConfigurationPlatforms) = postSolution
		{39D5DD59-5881-4AF2-8476-6EE600B9C713}.Debug|Any CPU.ActiveCfg = Debug|Any CPU
		{39D5DD59-5881-4AF2-8476-6EE600B9C713}.Debug|Any CPU.Build.0 = Debug|Any CPU
		{39D5DD59-5881-4AF2-8476-6EE600B9C713}.Release|Any CPU.ActiveCfg = Release|Any CPU
		{39D5DD59-5881-4AF2-8476-6EE600B9C713}.Release|Any CPU.Build.0 = Release|Any CPU
	EndGlobalSection
	GlobalSection(SolutionProperties) = preSolution
		HideSolutionNode = FALSE
	EndGlobalSection
	GlobalSection(ExtensibilityGlobals) = postSolution
		SolutionGuid = {DC957FA2-A05E-4E6E-8140-8BEA97E5BF89}
	EndGlobalSection
EndGlobal
