
Microsoft Visual Studio Solution File, Format Version 12.00
# Visual Studio 15
VisualStudioVersion = 15.0.28010.2003
MinimumVisualStudioVersion = 10.0.40219.1
Project("{FAE04EC0-301F-11D3-BF4B-00C04F79EFBC}") = "livro_exercicio20", "livro_exercicio20\livro_exercicio20.csproj", "{F354AFC7-F158-49E1-8124-45EFC815BB36}"
EndProject
Global
	GlobalSection(SolutionConfigurationPlatforms) = preSolution
		Debug|Any CPU = Debug|Any CPU
		Release|Any CPU = Release|Any CPU
	EndGlobalSection
	GlobalSection(ProjectConfigurationPlatforms) = postSolution
		{F354AFC7-F158-49E1-8124-45EFC815BB36}.Debug|Any CPU.ActiveCfg = Debug|Any CPU
		{F354AFC7-F158-49E1-8124-45EFC815BB36}.Debug|Any CPU.Build.0 = Debug|Any CPU
		{F354AFC7-F158-49E1-8124-45EFC815BB36}.Release|Any CPU.ActiveCfg = Release|Any CPU
		{F354AFC7-F158-49E1-8124-45EFC815BB36}.Release|Any CPU.Build.0 = Release|Any CPU
	EndGlobalSection
	GlobalSection(SolutionProperties) = preSolution
		HideSolutionNode = FALSE
	EndGlobalSection
	GlobalSection(ExtensibilityGlobals) = postSolution
		SolutionGuid = {DBBE878D-BA4E-4A52-8A33-86EFC9E24A3B}
	EndGlobalSection
EndGlobal
